// !$*UTF8*$!
{
	archiveVersion = 1;
	classes = {
	};
	objectVersion = 46;
	objects = {

/* Begin PBXBuildFile section */
		02FC707571626CD8A3114395542C0C3A /* UIDevice+Extension.swift in Sources */ = {isa = PBXBuildFile; fileRef = 8AFDE6ED167CC042154A34602F23050F /* UIDevice+Extension.swift */; };
		0525BEC61F7BD6DE26F026945C3727E3 /* UIScrollView+Extension.swift in Sources */ = {isa = PBXBuildFile; fileRef = 0F4257B8680AFE2FBC32762BF8BB7099 /* UIScrollView+Extension.swift */; };
		052D64AA869FFC0169B337690DEF834E /* TextObserver.swift in Sources */ = {isa = PBXBuildFile; fileRef = 4214E5B5CA1135D9CA4C072B4320E7AB /* TextObserver.swift */; };
		05D4B5F157A6E937E915B2FB665B3626 /* NoPasteTextField.swift in Sources */ = {isa = PBXBuildFile; fileRef = 7BBCC36D7F79981CFBA5B41CD5019D68 /* NoPasteTextField.swift */; };
		0730FDA54997DE8CB3AFCC4739BCA0C4 /* String+Extension.swift in Sources */ = {isa = PBXBuildFile; fileRef = 6001A3DFA63CD96B2762708228CE94B5 /* String+Extension.swift */; };
		0E8DDBF9710C38CB30170D69DB000A16 /* UIControl+Vendor.swift in Sources */ = {isa = PBXBuildFile; fileRef = DA80F86AD1D85CA1EB1C1E6B068B1F0C /* UIControl+Vendor.swift */; };
		121A4182ABAE44258EF608B28EE17B61 /* UIImage+Vendor.swift in Sources */ = {isa = PBXBuildFile; fileRef = 4AF3EBCA9B88EA4EA5DFE255FF0F5000 /* UIImage+Vendor.swift */; };
		12DD06E4FDB08D865DB9DA541EB11E5F /* ViewController.swift in Sources */ = {isa = PBXBuildFile; fileRef = 7461B04AEDCEE009252A2B6B7FD2EA3E /* ViewController.swift */; };
		1EABE03854B429225FA48E84C97DEECD /* Main.storyboard in Resources */ = {isa = PBXBuildFile; fileRef = D2726B7AE918F260F01C4E8015BF149F /* Main.storyboard */; };
		2279E1B48B0D7229857A8D543DF3486A /* UIApplication+Extension.swift in Sources */ = {isa = PBXBuildFile; fileRef = 26998FBF86123C54146D7BED7BB48045 /* UIApplication+Extension.swift */; };
		2783AE31143FF7F2A889429205D8DE69 /* UITabBar+Extension.swift in Sources */ = {isa = PBXBuildFile; fileRef = 4174FD090EC7602176EF5AB58CD6363E /* UITabBar+Extension.swift */; };
		42D072BD3DCF067559BDFDB9816E6F65 /* String+Vendor.swift in Sources */ = {isa = PBXBuildFile; fileRef = C85903982C7FD6B779F414838640874D /* String+Vendor.swift */; };
		434238F66CB4FD00E4B508415CA93FB2 /* UINavigationBar+Extension.swift in Sources */ = {isa = PBXBuildFile; fileRef = 0FD170C7C817DE3610CAF90FC1C22C6E /* UINavigationBar+Extension.swift */; };
		46861054DDB043E703594825B3BE50D2 /* Assets.xcassets in Resources */ = {isa = PBXBuildFile; fileRef = 0CEDC5AD3593C66BA6F4FAFD2668AC4B /* Assets.xcassets */; };
		4B6C989EB45E71916F5EA48FE4A75B9F /* UIViewController+Extension.swift in Sources */ = {isa = PBXBuildFile; fileRef = 1551D496820B82DE45B254747EB16E53 /* UIViewController+Extension.swift */; };
		54C4AA890C1C5BC9998EF30D3F6B01B7 /* UIScreen+Extension.swift in Sources */ = {isa = PBXBuildFile; fileRef = BEBAF1241CB5EB6BDD9E6BA7ECC58CC8 /* UIScreen+Extension.swift */; };
		55326CD41564F76D0CDEE05EE99184F6 /* UIResponder+Extension.swift in Sources */ = {isa = PBXBuildFile; fileRef = 875061FD96F93D56ED8098C749EFE937 /* UIResponder+Extension.swift */; };
		577F131A92517AD9AA557A753B5BD30A /* Number+Extension.swift in Sources */ = {isa = PBXBuildFile; fileRef = 7C20310104C13074A864C4A370E52186 /* Number+Extension.swift */; };
		5FA502C4661A8383F685CE6269CF1B72 /* Lang+Extension.swift in Sources */ = {isa = PBXBuildFile; fileRef = 8DB17908C3B9D54C236ACD15DD16AD2E /* Lang+Extension.swift */; };
		626EF69F50305E872F81C2D19463FA53 /* UIButton+Extension.swift in Sources */ = {isa = PBXBuildFile; fileRef = 3D560D9F4CE9AB72130F55FB828CD75A /* UIButton+Extension.swift */; };
		637E4DD8B714C612CA745A0028AB8223 /* UIKit+Extension.swift in Sources */ = {isa = PBXBuildFile; fileRef = 96CDAE38D4523BBC5B8B833477E9D203 /* UIKit+Extension.swift */; };
		66B286748A4B0E881FEA7087DC7D45F2 /* UIControl+Extension.swift in Sources */ = {isa = PBXBuildFile; fileRef = 9139892CBEDEE6C35ED72999C92AACB0 /* UIControl+Extension.swift */; };
		6DA9AB22D62B28759F0EBA366287CB0E /* UIImage+Extension.swift in Sources */ = {isa = PBXBuildFile; fileRef = 57405219E842D86611D50216B7314CA1 /* UIImage+Extension.swift */; };
		71EF8318AC1C71270234CD7D15493801 /* LaunchScreen.storyboard in Resources */ = {isa = PBXBuildFile; fileRef = EF169E36587164D03A7D5EF16C6CE8F5 /* LaunchScreen.storyboard */; };
		7EA33E277108DA5618B36F9C5901409F /* NSUserDefaults+Extension.swift in Sources */ = {isa = PBXBuildFile; fileRef = 4E51B909F79C776B3961474DD75DC664 /* NSUserDefaults+Extension.swift */; };
		8201F39C643C7318ACF0534E5A0AA16D /* UITextField+Extension.swift in Sources */ = {isa = PBXBuildFile; fileRef = 9854FE6A442FC824DCBE90B0D64EFF1C /* UITextField+Extension.swift */; };
		82EA9B58760B09B67B9A5F29AEB66B0C /* Dictionary+Extension.swift in Sources */ = {isa = PBXBuildFile; fileRef = 720AA7BD9E3B188219FBAD5452D176D6 /* Dictionary+Extension.swift */; };
		8300F72743B7878E22E3CA487A807B2B /* TouchesButton.swift in Sources */ = {isa = PBXBuildFile; fileRef = 1B8ECB9C70D95710BAF5A383339F1F19 /* TouchesButton.swift */; };
		849B5918ED4A11479454E1C0DABBE477 /* PlaceholderTextView.swift in Sources */ = {isa = PBXBuildFile; fileRef = 42972E11D44180F6B557B1CA2240EF13 /* PlaceholderTextView.swift */; };
		8712B247A6765658951F804400243077 /* CGFloat+Extension.swift in Sources */ = {isa = PBXBuildFile; fileRef = F5364BE90BC3BBAAE26E32DB392867E6 /* CGFloat+Extension.swift */; };
		8C424CD97D0D2C6A2788CEA33E50AD48 /* Redes+Extension.swift in Sources */ = {isa = PBXBuildFile; fileRef = E8F791689D3CA7D0B40B46FA3E730633 /* Redes+Extension.swift */; };
		902E2A35A19B5EA6DDBF73EFD99526CF /* NSBundle+Extension.swift in Sources */ = {isa = PBXBuildFile; fileRef = 0E1880802C35F37BA31B9149D8374D18 /* NSBundle+Extension.swift */; };
		9139502D179163CADE2B0EE75B90B049 /* PaddingTextField.swift in Sources */ = {isa = PBXBuildFile; fileRef = AA25AF5EE92C4810F40E8A46C2F8C7BB /* PaddingTextField.swift */; };
		AA9982801937A7F732185E60065D495B /* Pods.framework in Frameworks */ = {isa = PBXBuildFile; fileRef = 2ADFFA29EEAEE5E90E6F3B4BBE2CF930 /* Pods.framework */; };
		AE227EA9EA0A2DE4127C65470D0FEEBC /* UIColor+Extension.swift in Sources */ = {isa = PBXBuildFile; fileRef = BB3E722B1243F474C814CF08E54F19C5 /* UIColor+Extension.swift */; };
		B1C791DF441C88D919C9168271B87CFC /* NSObject+Extension.swift in Sources */ = {isa = PBXBuildFile; fileRef = 8DF760DA3BBAA74F927BA95F2C8EE397 /* NSObject+Extension.swift */; };
		D0333FCA02031D5220240A34809E22A9 /* UIView+Extension.swift in Sources */ = {isa = PBXBuildFile; fileRef = 0579AD1B3F5C768ECC3AEA279C43DFDC /* UIView+Extension.swift */; };
		D483380FD34BB804FBF727C891A55E66 /* UILabel+Extension.swift in Sources */ = {isa = PBXBuildFile; fileRef = 1B34C7AE55CCF4A721600D6ACD954D75 /* UILabel+Extension.swift */; };
		D5EC1DD5BBFB4EB0CA6BC867B4FB00FB /* UIFont+Extension.swift in Sources */ = {isa = PBXBuildFile; fileRef = A53144919523C9ED94C246EDE8938BBB /* UIFont+Extension.swift */; };
		D77C77ECBBBC51E4336C0BA6D828A1C9 /* ReactiveCocoa+Extension.swift in Sources */ = {isa = PBXBuildFile; fileRef = 81353C58171ADCD6DF7FEAC1DCB6DD19 /* ReactiveCocoa+Extension.swift */; };
		E353B6768ABBF7BABF459731E4A086BA /* NSError+Extension.swift in Sources */ = {isa = PBXBuildFile; fileRef = A8F0B1E36432B844A0497C289B950429 /* NSError+Extension.swift */; };
		ECA5E73D8F4D00FA6F4449A89CE4C3FB /* Array+Extension.swift in Sources */ = {isa = PBXBuildFile; fileRef = DC5583C4A0F88D91FFED9865DEAF1677 /* Array+Extension.swift */; };
		F0E82B67199969FFA46E59A9AAC15BF8 /* UITextView+Extension.swift in Sources */ = {isa = PBXBuildFile; fileRef = 2E3287A2EDD885710E267FDB47476AF4 /* UITextView+Extension.swift */; };
		F447EE81F843E0E38FCB8D4E1F95F7AF /* AppDelegate.swift in Sources */ = {isa = PBXBuildFile; fileRef = 60F012E4C0AAB8B5145BE9B70E242E44 /* AppDelegate.swift */; };
		F6601D7C3C8EEB90965113A7308506FD /* NSData+Extension.swift in Sources */ = {isa = PBXBuildFile; fileRef = 3D1487920CEA6B61CC4747AF0622B683 /* NSData+Extension.swift */; };
		F9B0165400E4BE668B2606691912CB0D /* PaddingLabel.swift in Sources */ = {isa = PBXBuildFile; fileRef = 2265548AE0264829324A20E10C5734F0 /* PaddingLabel.swift */; };
/* End PBXBuildFile section */

/* Begin PBXFileReference section */
		0579AD1B3F5C768ECC3AEA279C43DFDC /* UIView+Extension.swift */ = {isa = PBXFileReference; fileEncoding = 4; lastKnownFileType = sourcecode.swift; path = "UIView+Extension.swift"; sourceTree = "<group>"; };
		0CEDC5AD3593C66BA6F4FAFD2668AC4B /* Assets.xcassets */ = {isa = PBXFileReference; lastKnownFileType = folder.assetcatalog; path = Assets.xcassets; sourceTree = "<group>"; };
		0E1880802C35F37BA31B9149D8374D18 /* NSBundle+Extension.swift */ = {isa = PBXFileReference; fileEncoding = 4; lastKnownFileType = sourcecode.swift; path = "NSBundle+Extension.swift"; sourceTree = "<group>"; };
		0F4257B8680AFE2FBC32762BF8BB7099 /* UIScrollView+Extension.swift */ = {isa = PBXFileReference; fileEncoding = 4; lastKnownFileType = sourcecode.swift; path = "UIScrollView+Extension.swift"; sourceTree = "<group>"; };
		0FD170C7C817DE3610CAF90FC1C22C6E /* UINavigationBar+Extension.swift */ = {isa = PBXFileReference; fileEncoding = 4; lastKnownFileType = sourcecode.swift; path = "UINavigationBar+Extension.swift"; sourceTree = "<group>"; };
		1551D496820B82DE45B254747EB16E53 /* UIViewController+Extension.swift */ = {isa = PBXFileReference; fileEncoding = 4; lastKnownFileType = sourcecode.swift; path = "UIViewController+Extension.swift"; sourceTree = "<group>"; };
		1B34C7AE55CCF4A721600D6ACD954D75 /* UILabel+Extension.swift */ = {isa = PBXFileReference; fileEncoding = 4; lastKnownFileType = sourcecode.swift; path = "UILabel+Extension.swift"; sourceTree = "<group>"; };
		1B8ECB9C70D95710BAF5A383339F1F19 /* TouchesButton.swift */ = {isa = PBXFileReference; fileEncoding = 4; lastKnownFileType = sourcecode.swift; path = TouchesButton.swift; sourceTree = "<group>"; };
		2265548AE0264829324A20E10C5734F0 /* PaddingLabel.swift */ = {isa = PBXFileReference; fileEncoding = 4; lastKnownFileType = sourcecode.swift; path = PaddingLabel.swift; sourceTree = "<group>"; };
		26998FBF86123C54146D7BED7BB48045 /* UIApplication+Extension.swift */ = {isa = PBXFileReference; fileEncoding = 4; lastKnownFileType = sourcecode.swift; path = "UIApplication+Extension.swift"; sourceTree = "<group>"; };
		2ADFFA29EEAEE5E90E6F3B4BBE2CF930 /* Pods.framework */ = {isa = PBXFileReference; explicitFileType = wrapper.framework; includeInIndex = 0; path = Pods.framework; sourceTree = BUILT_PRODUCTS_DIR; };
		2E3287A2EDD885710E267FDB47476AF4 /* UITextView+Extension.swift */ = {isa = PBXFileReference; fileEncoding = 4; lastKnownFileType = sourcecode.swift; path = "UITextView+Extension.swift"; sourceTree = "<group>"; };
		391F35D6113015C4D03C13CE6B5735F5 /* Pods.debug.xcconfig */ = {isa = PBXFileReference; includeInIndex = 1; lastKnownFileType = text.xcconfig; name = Pods.debug.xcconfig; path = "Pods/Target Support Files/Pods/Pods.debug.xcconfig"; sourceTree = "<group>"; };
		3D1487920CEA6B61CC4747AF0622B683 /* NSData+Extension.swift */ = {isa = PBXFileReference; fileEncoding = 4; lastKnownFileType = sourcecode.swift; path = "NSData+Extension.swift"; sourceTree = "<group>"; };
		3D560D9F4CE9AB72130F55FB828CD75A /* UIButton+Extension.swift */ = {isa = PBXFileReference; fileEncoding = 4; lastKnownFileType = sourcecode.swift; path = "UIButton+Extension.swift"; sourceTree = "<group>"; };
		4174FD090EC7602176EF5AB58CD6363E /* UITabBar+Extension.swift */ = {isa = PBXFileReference; fileEncoding = 4; lastKnownFileType = sourcecode.swift; path = "UITabBar+Extension.swift"; sourceTree = "<group>"; };
		4214E5B5CA1135D9CA4C072B4320E7AB /* TextObserver.swift */ = {isa = PBXFileReference; fileEncoding = 4; lastKnownFileType = sourcecode.swift; path = TextObserver.swift; sourceTree = "<group>"; };
		42972E11D44180F6B557B1CA2240EF13 /* PlaceholderTextView.swift */ = {isa = PBXFileReference; fileEncoding = 4; lastKnownFileType = sourcecode.swift; path = PlaceholderTextView.swift; sourceTree = "<group>"; };
		4AF3EBCA9B88EA4EA5DFE255FF0F5000 /* UIImage+Vendor.swift */ = {isa = PBXFileReference; fileEncoding = 4; lastKnownFileType = sourcecode.swift; path = "UIImage+Vendor.swift"; sourceTree = "<group>"; };
		4E51B909F79C776B3961474DD75DC664 /* NSUserDefaults+Extension.swift */ = {isa = PBXFileReference; fileEncoding = 4; lastKnownFileType = sourcecode.swift; path = "NSUserDefaults+Extension.swift"; sourceTree = "<group>"; };
		57405219E842D86611D50216B7314CA1 /* UIImage+Extension.swift */ = {isa = PBXFileReference; fileEncoding = 4; lastKnownFileType = sourcecode.swift; path = "UIImage+Extension.swift"; sourceTree = "<group>"; };
		6001A3DFA63CD96B2762708228CE94B5 /* String+Extension.swift */ = {isa = PBXFileReference; fileEncoding = 4; lastKnownFileType = sourcecode.swift; path = "String+Extension.swift"; sourceTree = "<group>"; };
		60F012E4C0AAB8B5145BE9B70E242E44 /* AppDelegate.swift */ = {isa = PBXFileReference; lastKnownFileType = sourcecode.swift; path = AppDelegate.swift; sourceTree = "<group>"; };
		720AA7BD9E3B188219FBAD5452D176D6 /* Dictionary+Extension.swift */ = {isa = PBXFileReference; fileEncoding = 4; lastKnownFileType = sourcecode.swift; path = "Dictionary+Extension.swift"; sourceTree = "<group>"; };
		7461B04AEDCEE009252A2B6B7FD2EA3E /* ViewController.swift */ = {isa = PBXFileReference; lastKnownFileType = sourcecode.swift; path = ViewController.swift; sourceTree = "<group>"; };
		78EC8507A64855050AA968FCB7EB83BC /* Base */ = {isa = PBXFileReference; lastKnownFileType = file.storyboard; name = Base; path = Base.lproj/Main.storyboard; sourceTree = "<group>"; };
		7BBCC36D7F79981CFBA5B41CD5019D68 /* NoPasteTextField.swift */ = {isa = PBXFileReference; fileEncoding = 4; lastKnownFileType = sourcecode.swift; path = NoPasteTextField.swift; sourceTree = "<group>"; };
		7C20310104C13074A864C4A370E52186 /* Number+Extension.swift */ = {isa = PBXFileReference; fileEncoding = 4; lastKnownFileType = sourcecode.swift; path = "Number+Extension.swift"; sourceTree = "<group>"; };
		81353C58171ADCD6DF7FEAC1DCB6DD19 /* ReactiveCocoa+Extension.swift */ = {isa = PBXFileReference; fileEncoding = 4; lastKnownFileType = sourcecode.swift; path = "ReactiveCocoa+Extension.swift"; sourceTree = "<group>"; };
		875061FD96F93D56ED8098C749EFE937 /* UIResponder+Extension.swift */ = {isa = PBXFileReference; fileEncoding = 4; lastKnownFileType = sourcecode.swift; path = "UIResponder+Extension.swift"; sourceTree = "<group>"; };
		8AFDE6ED167CC042154A34602F23050F /* UIDevice+Extension.swift */ = {isa = PBXFileReference; fileEncoding = 4; lastKnownFileType = sourcecode.swift; path = "UIDevice+Extension.swift"; sourceTree = "<group>"; };
		8DB17908C3B9D54C236ACD15DD16AD2E /* Lang+Extension.swift */ = {isa = PBXFileReference; fileEncoding = 4; lastKnownFileType = sourcecode.swift; path = "Lang+Extension.swift"; sourceTree = "<group>"; };
		8DF760DA3BBAA74F927BA95F2C8EE397 /* NSObject+Extension.swift */ = {isa = PBXFileReference; fileEncoding = 4; lastKnownFileType = sourcecode.swift; path = "NSObject+Extension.swift"; sourceTree = "<group>"; };
		9139892CBEDEE6C35ED72999C92AACB0 /* UIControl+Extension.swift */ = {isa = PBXFileReference; fileEncoding = 4; lastKnownFileType = sourcecode.swift; path = "UIControl+Extension.swift"; sourceTree = "<group>"; };
		96CDAE38D4523BBC5B8B833477E9D203 /* UIKit+Extension.swift */ = {isa = PBXFileReference; fileEncoding = 4; lastKnownFileType = sourcecode.swift; path = "UIKit+Extension.swift"; sourceTree = "<group>"; };
		9854FE6A442FC824DCBE90B0D64EFF1C /* UITextField+Extension.swift */ = {isa = PBXFileReference; fileEncoding = 4; lastKnownFileType = sourcecode.swift; path = "UITextField+Extension.swift"; sourceTree = "<group>"; };
		A53144919523C9ED94C246EDE8938BBB /* UIFont+Extension.swift */ = {isa = PBXFileReference; fileEncoding = 4; lastKnownFileType = sourcecode.swift; path = "UIFont+Extension.swift"; sourceTree = "<group>"; };
		A8F0B1E36432B844A0497C289B950429 /* NSError+Extension.swift */ = {isa = PBXFileReference; fileEncoding = 4; lastKnownFileType = sourcecode.swift; path = "NSError+Extension.swift"; sourceTree = "<group>"; };
		AA25AF5EE92C4810F40E8A46C2F8C7BB /* PaddingTextField.swift */ = {isa = PBXFileReference; fileEncoding = 4; lastKnownFileType = sourcecode.swift; path = PaddingTextField.swift; sourceTree = "<group>"; };
		B8A96B541EA2C43D54F413DADAD375DD /* Base */ = {isa = PBXFileReference; lastKnownFileType = file.storyboard; name = Base; path = Base.lproj/LaunchScreen.storyboard; sourceTree = "<group>"; };
		BB3E722B1243F474C814CF08E54F19C5 /* UIColor+Extension.swift */ = {isa = PBXFileReference; fileEncoding = 4; lastKnownFileType = sourcecode.swift; path = "UIColor+Extension.swift"; sourceTree = "<group>"; };
		BE360F163648E458F0EEB15C745D8097 /* ExtensionKit.app */ = {isa = PBXFileReference; explicitFileType = wrapper.application; includeInIndex = 0; path = ExtensionKit.app; sourceTree = BUILT_PRODUCTS_DIR; };
		BEBAF1241CB5EB6BDD9E6BA7ECC58CC8 /* UIScreen+Extension.swift */ = {isa = PBXFileReference; fileEncoding = 4; lastKnownFileType = sourcecode.swift; path = "UIScreen+Extension.swift"; sourceTree = "<group>"; };
		C85903982C7FD6B779F414838640874D /* String+Vendor.swift */ = {isa = PBXFileReference; fileEncoding = 4; lastKnownFileType = sourcecode.swift; path = "String+Vendor.swift"; sourceTree = "<group>"; };
		DA80F86AD1D85CA1EB1C1E6B068B1F0C /* UIControl+Vendor.swift */ = {isa = PBXFileReference; fileEncoding = 4; lastKnownFileType = sourcecode.swift; path = "UIControl+Vendor.swift"; sourceTree = "<group>"; };
		DC5583C4A0F88D91FFED9865DEAF1677 /* Array+Extension.swift */ = {isa = PBXFileReference; fileEncoding = 4; lastKnownFileType = sourcecode.swift; path = "Array+Extension.swift"; sourceTree = "<group>"; };
		E4516AD1237D68FFE6B925C04EC6E0EF /* Pods.release.xcconfig */ = {isa = PBXFileReference; includeInIndex = 1; lastKnownFileType = text.xcconfig; name = Pods.release.xcconfig; path = "Pods/Target Support Files/Pods/Pods.release.xcconfig"; sourceTree = "<group>"; };
		E8F791689D3CA7D0B40B46FA3E730633 /* Redes+Extension.swift */ = {isa = PBXFileReference; fileEncoding = 4; lastKnownFileType = sourcecode.swift; path = "Redes+Extension.swift"; sourceTree = "<group>"; };
		F14CC9674951FB7703A4F5C72DA7F2BF /* Info.plist */ = {isa = PBXFileReference; lastKnownFileType = text.plist.xml; path = Info.plist; sourceTree = "<group>"; };
		F5364BE90BC3BBAAE26E32DB392867E6 /* CGFloat+Extension.swift */ = {isa = PBXFileReference; fileEncoding = 4; lastKnownFileType = sourcecode.swift; path = "CGFloat+Extension.swift"; sourceTree = "<group>"; };
/* End PBXFileReference section */

/* Begin PBXFrameworksBuildPhase section */
		092D7A372DF065D16F74674133D41A6E /* Frameworks */ = {
			isa = PBXFrameworksBuildPhase;
			buildActionMask = 2147483647;
			files = (
				AA9982801937A7F732185E60065D495B /* Pods.framework in Frameworks */,
			);
			runOnlyForDeploymentPostprocessing = 0;
		};
/* End PBXFrameworksBuildPhase section */

/* Begin PBXGroup section */
		151D4FE55025B1B5643048020B1F5A34 /* Class */ = {
			isa = PBXGroup;
			children = (
				7BBCC36D7F79981CFBA5B41CD5019D68 /* NoPasteTextField.swift */,
				2265548AE0264829324A20E10C5734F0 /* PaddingLabel.swift */,
				AA25AF5EE92C4810F40E8A46C2F8C7BB /* PaddingTextField.swift */,
				42972E11D44180F6B557B1CA2240EF13 /* PlaceholderTextView.swift */,
				4214E5B5CA1135D9CA4C072B4320E7AB /* TextObserver.swift */,
				1B8ECB9C70D95710BAF5A383339F1F19 /* TouchesButton.swift */,
			);
			path = Class;
			sourceTree = "<group>";
		};
		7019177E4EE70855A316F2D4CB55F08E /* Sample */ = {
			isa = PBXGroup;
			children = (
				60F012E4C0AAB8B5145BE9B70E242E44 /* AppDelegate.swift */,
				0CEDC5AD3593C66BA6F4FAFD2668AC4B /* Assets.xcassets */,
				F14CC9674951FB7703A4F5C72DA7F2BF /* Info.plist */,
				EF169E36587164D03A7D5EF16C6CE8F5 /* LaunchScreen.storyboard */,
				D2726B7AE918F260F01C4E8015BF149F /* Main.storyboard */,
				7461B04AEDCEE009252A2B6B7FD2EA3E /* ViewController.swift */,
			);
			path = Sample;
			sourceTree = "<group>";
		};
		7A7EBDE5FAA5ACC8E6741612D4AEE7EC /* Vendor */ = {
			isa = PBXGroup;
			children = (
				81353C58171ADCD6DF7FEAC1DCB6DD19 /* ReactiveCocoa+Extension.swift */,
				E8F791689D3CA7D0B40B46FA3E730633 /* Redes+Extension.swift */,
				C85903982C7FD6B779F414838640874D /* String+Vendor.swift */,
				DA80F86AD1D85CA1EB1C1E6B068B1F0C /* UIControl+Vendor.swift */,
				4AF3EBCA9B88EA4EA5DFE255FF0F5000 /* UIImage+Vendor.swift */,
			);
			path = Vendor;
			sourceTree = "<group>";
		};
		7EFFD029C64903D4700D6EE557A5516F /* Source */ = {
			isa = PBXGroup;
			children = (
				151D4FE55025B1B5643048020B1F5A34 /* Class */,
				B5DACD3628D25479DC4F3108EC1D8227 /* Extension */,
				7A7EBDE5FAA5ACC8E6741612D4AEE7EC /* Vendor */,
			);
			path = Source;
			sourceTree = "<group>";
		};
		84B7E7E26A2E454EFE6BE6D7ABBCA30A /* Pods */ = {
			isa = PBXGroup;
			children = (
				391F35D6113015C4D03C13CE6B5735F5 /* Pods.debug.xcconfig */,
				E4516AD1237D68FFE6B925C04EC6E0EF /* Pods.release.xcconfig */,
			);
			name = Pods;
			sourceTree = "<group>";
		};
		B5DACD3628D25479DC4F3108EC1D8227 /* Extension */ = {
			isa = PBXGroup;
			children = (
				DC5583C4A0F88D91FFED9865DEAF1677 /* Array+Extension.swift */,
				F5364BE90BC3BBAAE26E32DB392867E6 /* CGFloat+Extension.swift */,
				720AA7BD9E3B188219FBAD5452D176D6 /* Dictionary+Extension.swift */,
				8DB17908C3B9D54C236ACD15DD16AD2E /* Lang+Extension.swift */,
				0E1880802C35F37BA31B9149D8374D18 /* NSBundle+Extension.swift */,
				3D1487920CEA6B61CC4747AF0622B683 /* NSData+Extension.swift */,
				A8F0B1E36432B844A0497C289B950429 /* NSError+Extension.swift */,
				8DF760DA3BBAA74F927BA95F2C8EE397 /* NSObject+Extension.swift */,
				4E51B909F79C776B3961474DD75DC664 /* NSUserDefaults+Extension.swift */,
				7C20310104C13074A864C4A370E52186 /* Number+Extension.swift */,
				6001A3DFA63CD96B2762708228CE94B5 /* String+Extension.swift */,
				26998FBF86123C54146D7BED7BB48045 /* UIApplication+Extension.swift */,
				3D560D9F4CE9AB72130F55FB828CD75A /* UIButton+Extension.swift */,
				BB3E722B1243F474C814CF08E54F19C5 /* UIColor+Extension.swift */,
				9139892CBEDEE6C35ED72999C92AACB0 /* UIControl+Extension.swift */,
				8AFDE6ED167CC042154A34602F23050F /* UIDevice+Extension.swift */,
				A53144919523C9ED94C246EDE8938BBB /* UIFont+Extension.swift */,
				57405219E842D86611D50216B7314CA1 /* UIImage+Extension.swift */,
				96CDAE38D4523BBC5B8B833477E9D203 /* UIKit+Extension.swift */,
				1B34C7AE55CCF4A721600D6ACD954D75 /* UILabel+Extension.swift */,
				0FD170C7C817DE3610CAF90FC1C22C6E /* UINavigationBar+Extension.swift */,
				875061FD96F93D56ED8098C749EFE937 /* UIResponder+Extension.swift */,
				BEBAF1241CB5EB6BDD9E6BA7ECC58CC8 /* UIScreen+Extension.swift */,
				0F4257B8680AFE2FBC32762BF8BB7099 /* UIScrollView+Extension.swift */,
				4174FD090EC7602176EF5AB58CD6363E /* UITabBar+Extension.swift */,
				9854FE6A442FC824DCBE90B0D64EFF1C /* UITextField+Extension.swift */,
				2E3287A2EDD885710E267FDB47476AF4 /* UITextView+Extension.swift */,
				0579AD1B3F5C768ECC3AEA279C43DFDC /* UIView+Extension.swift */,
				1551D496820B82DE45B254747EB16E53 /* UIViewController+Extension.swift */,
			);
			path = Extension;
			sourceTree = "<group>";
		};
		C3768FB18541CB6B32A47764860BB247 /* Products */ = {
			isa = PBXGroup;
			children = (
				BE360F163648E458F0EEB15C745D8097 /* ExtensionKit.app */,
			);
			name = Products;
			sourceTree = "<group>";
		};
		EAB01617E68C13F771C7F4D7FC737BDA /* Frameworks */ = {
			isa = PBXGroup;
			children = (
				2ADFFA29EEAEE5E90E6F3B4BBE2CF930 /* Pods.framework */,
			);
			name = Frameworks;
			sourceTree = "<group>";
		};
		EBD6F61A107BC42C273822E10747D6E8 = {
			isa = PBXGroup;
			children = (
				F760E6FF984A1E2E9AE43F8C7446C1E8 /* ExtensionKit */,
				EAB01617E68C13F771C7F4D7FC737BDA /* Frameworks */,
				84B7E7E26A2E454EFE6BE6D7ABBCA30A /* Pods */,
				C3768FB18541CB6B32A47764860BB247 /* Products */,
			);
			sourceTree = "<group>";
		};
		F760E6FF984A1E2E9AE43F8C7446C1E8 /* ExtensionKit */ = {
			isa = PBXGroup;
			children = (
				7019177E4EE70855A316F2D4CB55F08E /* Sample */,
				7EFFD029C64903D4700D6EE557A5516F /* Source */,
			);
			path = ExtensionKit;
			sourceTree = "<group>";
		};
/* End PBXGroup section */

/* Begin PBXNativeTarget section */
		C4FCF20ABE6D0E78E993E3A5D2E53882 /* ExtensionKit */ = {
			isa = PBXNativeTarget;
			buildConfigurationList = CE2290E3662EBED15BBC5FD32BBFD753 /* Build configuration list for PBXNativeTarget "ExtensionKit" */;
			buildPhases = (
				32C5425CB2034369A5ED92E85B063B32 /* Check Pods Manifest.lock */,
				268AD9F550ACC8E4ABA4480E2B8C3BA8 /* Sources */,
				092D7A372DF065D16F74674133D41A6E /* Frameworks */,
				D88F7ABB18A15F350CB40FFB0455914A /* Resources */,
				49BAE7DAEF9CA75ABBBB10E0D5CE017E /* Embed Pods Frameworks */,
				B4E3320380E7A33554129498BC9FF3BD /* Copy Pods Resources */,
			);
			buildRules = (
			);
			dependencies = (
			);
			name = ExtensionKit;
			productName = ExtensionKit;
			productReference = BE360F163648E458F0EEB15C745D8097 /* ExtensionKit.app */;
			productType = "com.apple.product-type.application";
		};
/* End PBXNativeTarget section */

/* Begin PBXProject section */
		9B18B127CECB2723CE227FC156D3D089 /* Project object */ = {
			isa = PBXProject;
			attributes = {
				LastSwiftUpdateCheck = 0720;
				LastUpgradeCheck = 0720;
				ORGANIZATIONNAME = Moch;
				TargetAttributes = {
					C4FCF20ABE6D0E78E993E3A5D2E53882 = {
						CreatedOnToolsVersion = 7.2;
					};
				};
			};
			buildConfigurationList = A26231FAF4ABE910EB10F9ECEDADDEE7 /* Build configuration list for PBXProject "ExtensionKit" */;
			compatibilityVersion = "Xcode 3.2";
			developmentRegion = English;
			hasScannedForEncodings = 0;
			knownRegions = (
				en,
				Base,
			);
			mainGroup = EBD6F61A107BC42C273822E10747D6E8;
			productRefGroup = C3768FB18541CB6B32A47764860BB247 /* Products */;
			projectDirPath = "";
			projectRoot = "";
			targets = (
				C4FCF20ABE6D0E78E993E3A5D2E53882 /* ExtensionKit */,
			);
		};
/* End PBXProject section */

/* Begin PBXResourcesBuildPhase section */
		D88F7ABB18A15F350CB40FFB0455914A /* Resources */ = {
			isa = PBXResourcesBuildPhase;
			buildActionMask = 2147483647;
			files = (
				46861054DDB043E703594825B3BE50D2 /* Assets.xcassets in Resources */,
				71EF8318AC1C71270234CD7D15493801 /* LaunchScreen.storyboard in Resources */,
				1EABE03854B429225FA48E84C97DEECD /* Main.storyboard in Resources */,
			);
			runOnlyForDeploymentPostprocessing = 0;
		};
/* End PBXResourcesBuildPhase section */

/* Begin PBXShellScriptBuildPhase section */
		32C5425CB2034369A5ED92E85B063B32 /* Check Pods Manifest.lock */ = {
			isa = PBXShellScriptBuildPhase;
			buildActionMask = 2147483647;
			files = (
			);
			inputPaths = (
			);
			name = "Check Pods Manifest.lock";
			outputPaths = (
			);
			runOnlyForDeploymentPostprocessing = 0;
			shellPath = /bin/sh;
			shellScript = "diff \"${PODS_ROOT}/../Podfile.lock\" \"${PODS_ROOT}/Manifest.lock\" > /dev/null\nif [[ $? != 0 ]] ; then\n    cat << EOM\nerror: The sandbox is not in sync with the Podfile.lock. Run 'pod install' or update your CocoaPods installation.\nEOM\n    exit 1\nfi\n";
			showEnvVarsInLog = 0;
		};
		49BAE7DAEF9CA75ABBBB10E0D5CE017E /* Embed Pods Frameworks */ = {
			isa = PBXShellScriptBuildPhase;
			buildActionMask = 2147483647;
			files = (
			);
			inputPaths = (
			);
			name = "Embed Pods Frameworks";
			outputPaths = (
			);
			runOnlyForDeploymentPostprocessing = 0;
			shellPath = /bin/sh;
			shellScript = "\"${SRCROOT}/Pods/Target Support Files/Pods/Pods-frameworks.sh\"\n";
			showEnvVarsInLog = 0;
		};
		B4E3320380E7A33554129498BC9FF3BD /* Copy Pods Resources */ = {
			isa = PBXShellScriptBuildPhase;
			buildActionMask = 2147483647;
			files = (
			);
			inputPaths = (
			);
			name = "Copy Pods Resources";
			outputPaths = (
			);
			runOnlyForDeploymentPostprocessing = 0;
			shellPath = /bin/sh;
			shellScript = "\"${SRCROOT}/Pods/Target Support Files/Pods/Pods-resources.sh\"\n";
			showEnvVarsInLog = 0;
		};
/* End PBXShellScriptBuildPhase section */

/* Begin PBXSourcesBuildPhase section */
		268AD9F550ACC8E4ABA4480E2B8C3BA8 /* Sources */ = {
			isa = PBXSourcesBuildPhase;
			buildActionMask = 2147483647;
			files = (
				F447EE81F843E0E38FCB8D4E1F95F7AF /* AppDelegate.swift in Sources */,
				ECA5E73D8F4D00FA6F4449A89CE4C3FB /* Array+Extension.swift in Sources */,
				8712B247A6765658951F804400243077 /* CGFloat+Extension.swift in Sources */,
				82EA9B58760B09B67B9A5F29AEB66B0C /* Dictionary+Extension.swift in Sources */,
				5FA502C4661A8383F685CE6269CF1B72 /* Lang+Extension.swift in Sources */,
				902E2A35A19B5EA6DDBF73EFD99526CF /* NSBundle+Extension.swift in Sources */,
				F6601D7C3C8EEB90965113A7308506FD /* NSData+Extension.swift in Sources */,
				E353B6768ABBF7BABF459731E4A086BA /* NSError+Extension.swift in Sources */,
				B1C791DF441C88D919C9168271B87CFC /* NSObject+Extension.swift in Sources */,
				7EA33E277108DA5618B36F9C5901409F /* NSUserDefaults+Extension.swift in Sources */,
				05D4B5F157A6E937E915B2FB665B3626 /* NoPasteTextField.swift in Sources */,
				577F131A92517AD9AA557A753B5BD30A /* Number+Extension.swift in Sources */,
				F9B0165400E4BE668B2606691912CB0D /* PaddingLabel.swift in Sources */,
				9139502D179163CADE2B0EE75B90B049 /* PaddingTextField.swift in Sources */,
				849B5918ED4A11479454E1C0DABBE477 /* PlaceholderTextView.swift in Sources */,
				D77C77ECBBBC51E4336C0BA6D828A1C9 /* ReactiveCocoa+Extension.swift in Sources */,
				8C424CD97D0D2C6A2788CEA33E50AD48 /* Redes+Extension.swift in Sources */,
				0730FDA54997DE8CB3AFCC4739BCA0C4 /* String+Extension.swift in Sources */,
				42D072BD3DCF067559BDFDB9816E6F65 /* String+Vendor.swift in Sources */,
				052D64AA869FFC0169B337690DEF834E /* TextObserver.swift in Sources */,
				8300F72743B7878E22E3CA487A807B2B /* TouchesButton.swift in Sources */,
				2279E1B48B0D7229857A8D543DF3486A /* UIApplication+Extension.swift in Sources */,
				626EF69F50305E872F81C2D19463FA53 /* UIButton+Extension.swift in Sources */,
				AE227EA9EA0A2DE4127C65470D0FEEBC /* UIColor+Extension.swift in Sources */,
				66B286748A4B0E881FEA7087DC7D45F2 /* UIControl+Extension.swift in Sources */,
				0E8DDBF9710C38CB30170D69DB000A16 /* UIControl+Vendor.swift in Sources */,
				02FC707571626CD8A3114395542C0C3A /* UIDevice+Extension.swift in Sources */,
				D5EC1DD5BBFB4EB0CA6BC867B4FB00FB /* UIFont+Extension.swift in Sources */,
				6DA9AB22D62B28759F0EBA366287CB0E /* UIImage+Extension.swift in Sources */,
				121A4182ABAE44258EF608B28EE17B61 /* UIImage+Vendor.swift in Sources */,
				637E4DD8B714C612CA745A0028AB8223 /* UIKit+Extension.swift in Sources */,
				D483380FD34BB804FBF727C891A55E66 /* UILabel+Extension.swift in Sources */,
				434238F66CB4FD00E4B508415CA93FB2 /* UINavigationBar+Extension.swift in Sources */,
				55326CD41564F76D0CDEE05EE99184F6 /* UIResponder+Extension.swift in Sources */,
				54C4AA890C1C5BC9998EF30D3F6B01B7 /* UIScreen+Extension.swift in Sources */,
				0525BEC61F7BD6DE26F026945C3727E3 /* UIScrollView+Extension.swift in Sources */,
				2783AE31143FF7F2A889429205D8DE69 /* UITabBar+Extension.swift in Sources */,
				8201F39C643C7318ACF0534E5A0AA16D /* UITextField+Extension.swift in Sources */,
				F0E82B67199969FFA46E59A9AAC15BF8 /* UITextView+Extension.swift in Sources */,
				D0333FCA02031D5220240A34809E22A9 /* UIView+Extension.swift in Sources */,
				4B6C989EB45E71916F5EA48FE4A75B9F /* UIViewController+Extension.swift in Sources */,
				12DD06E4FDB08D865DB9DA541EB11E5F /* ViewController.swift in Sources */,
			);
			runOnlyForDeploymentPostprocessing = 0;
		};
/* End PBXSourcesBuildPhase section */

/* Begin PBXVariantGroup section */
		D2726B7AE918F260F01C4E8015BF149F /* Main.storyboard */ = {
			isa = PBXVariantGroup;
			children = (
				78EC8507A64855050AA968FCB7EB83BC /* Base */,
			);
			name = Main.storyboard;
			path = .;
			sourceTree = "<group>";
		};
		EF169E36587164D03A7D5EF16C6CE8F5 /* LaunchScreen.storyboard */ = {
			isa = PBXVariantGroup;
			children = (
				B8A96B541EA2C43D54F413DADAD375DD /* Base */,
			);
			name = LaunchScreen.storyboard;
			path = .;
			sourceTree = "<group>";
		};
/* End PBXVariantGroup section */

/* Begin XCBuildConfiguration section */
		2FD0AA1C7D4D85BB34A2C8C6E8A62234 /* Release */ = {
			isa = XCBuildConfiguration;
			baseConfigurationReference = E4516AD1237D68FFE6B925C04EC6E0EF /* Pods.release.xcconfig */;
			buildSettings = {
				ASSETCATALOG_COMPILER_APPICON_NAME = AppIcon;
				INFOPLIST_FILE = ExtensionKit/Sample/Info.plist;
				LD_RUNPATH_SEARCH_PATHS = "$(inherited) @executable_path/Frameworks";
				PRODUCT_BUNDLE_IDENTIFIER = com.foobar.ExtensionKit;
				PRODUCT_NAME = "$(TARGET_NAME)";
			};
			name = Release;
		};
		45047AEB072AFB90DB0FCCD37F23190D /* Debug */ = {
			isa = XCBuildConfiguration;
			baseConfigurationReference = 391F35D6113015C4D03C13CE6B5735F5 /* Pods.debug.xcconfig */;
			buildSettings = {
				ASSETCATALOG_COMPILER_APPICON_NAME = AppIcon;
				INFOPLIST_FILE = ExtensionKit/Sample/Info.plist;
				LD_RUNPATH_SEARCH_PATHS = "$(inherited) @executable_path/Frameworks";
				PRODUCT_BUNDLE_IDENTIFIER = com.foobar.ExtensionKit;
				PRODUCT_NAME = "$(TARGET_NAME)";
			};
			name = Debug;
		};
		B73FFB8300B7F2FCF3351EBF1E7AC1A2 /* Debug */ = {
			isa = XCBuildConfiguration;
			buildSettings = {
				ALWAYS_SEARCH_USER_PATHS = NO;
				CLANG_CXX_LANGUAGE_STANDARD = "gnu++0x";
				CLANG_CXX_LIBRARY = "libc++";
				CLANG_ENABLE_MODULES = YES;
				CLANG_ENABLE_OBJC_ARC = YES;
				CLANG_WARN_BOOL_CONVERSION = YES;
				CLANG_WARN_CONSTANT_CONVERSION = YES;
				CLANG_WARN_DIRECT_OBJC_ISA_USAGE = YES_ERROR;
				CLANG_WARN_EMPTY_BODY = YES;
				CLANG_WARN_ENUM_CONVERSION = YES;
				CLANG_WARN_INT_CONVERSION = YES;
				CLANG_WARN_OBJC_ROOT_CLASS = YES_ERROR;
				CLANG_WARN_UNREACHABLE_CODE = YES;
				CLANG_WARN__DUPLICATE_METHOD_MATCH = YES;
				"CODE_SIGN_IDENTITY[sdk=iphoneos*]" = "iPhone Developer";
				COPY_PHASE_STRIP = NO;
				DEBUG_INFORMATION_FORMAT = dwarf;
				ENABLE_STRICT_OBJC_MSGSEND = YES;
				ENABLE_TESTABILITY = YES;
				GCC_C_LANGUAGE_STANDARD = gnu99;
				GCC_DYNAMIC_NO_PIC = NO;
				GCC_NO_COMMON_BLOCKS = YES;
				GCC_OPTIMIZATION_LEVEL = 0;
				GCC_PREPROCESSOR_DEFINITIONS = (
					"DEBUG=1",
					"$(inherited)",
				);
				GCC_WARN_64_TO_32_BIT_CONVERSION = YES;
				GCC_WARN_ABOUT_RETURN_TYPE = YES_ERROR;
				GCC_WARN_UNDECLARED_SELECTOR = YES;
				GCC_WARN_UNINITIALIZED_AUTOS = YES_AGGRESSIVE;
				GCC_WARN_UNUSED_FUNCTION = YES;
				GCC_WARN_UNUSED_VARIABLE = YES;
				IPHONEOS_DEPLOYMENT_TARGET = 9.2;
				MTL_ENABLE_DEBUG_INFO = YES;
				ONLY_ACTIVE_ARCH = YES;
				SDKROOT = iphoneos;
				SWIFT_OPTIMIZATION_LEVEL = "-Onone";
				TARGETED_DEVICE_FAMILY = "1,2";
			};
			name = Debug;
		};
		C32707C4F81126CDB9E65C6BA924813E /* Release */ = {
			isa = XCBuildConfiguration;
			buildSettings = {
				ALWAYS_SEARCH_USER_PATHS = NO;
				CLANG_CXX_LANGUAGE_STANDARD = "gnu++0x";
				CLANG_CXX_LIBRARY = "libc++";
				CLANG_ENABLE_MODULES = YES;
				CLANG_ENABLE_OBJC_ARC = YES;
				CLANG_WARN_BOOL_CONVERSION = YES;
				CLANG_WARN_CONSTANT_CONVERSION = YES;
				CLANG_WARN_DIRECT_OBJC_ISA_USAGE = YES_ERROR;
				CLANG_WARN_EMPTY_BODY = YES;
				CLANG_WARN_ENUM_CONVERSION = YES;
				CLANG_WARN_INT_CONVERSION = YES;
				CLANG_WARN_OBJC_ROOT_CLASS = YES_ERROR;
				CLANG_WARN_UNREACHABLE_CODE = YES;
				CLANG_WARN__DUPLICATE_METHOD_MATCH = YES;
				"CODE_SIGN_IDENTITY[sdk=iphoneos*]" = "iPhone Developer";
				COPY_PHASE_STRIP = NO;
				DEBUG_INFORMATION_FORMAT = "dwarf-with-dsym";
				ENABLE_NS_ASSERTIONS = NO;
				ENABLE_STRICT_OBJC_MSGSEND = YES;
				GCC_C_LANGUAGE_STANDARD = gnu99;
				GCC_NO_COMMON_BLOCKS = YES;
				GCC_WARN_64_TO_32_BIT_CONVERSION = YES;
				GCC_WARN_ABOUT_RETURN_TYPE = YES_ERROR;
				GCC_WARN_UNDECLARED_SELECTOR = YES;
				GCC_WARN_UNINITIALIZED_AUTOS = YES_AGGRESSIVE;
				GCC_WARN_UNUSED_FUNCTION = YES;
				GCC_WARN_UNUSED_VARIABLE = YES;
				IPHONEOS_DEPLOYMENT_TARGET = 9.2;
				MTL_ENABLE_DEBUG_INFO = NO;
				SDKROOT = iphoneos;
				TARGETED_DEVICE_FAMILY = "1,2";
				VALIDATE_PRODUCT = YES;
			};
			name = Release;
		};
/* End XCBuildConfiguration section */

/* Begin XCConfigurationList section */
		A26231FAF4ABE910EB10F9ECEDADDEE7 /* Build configuration list for PBXProject "ExtensionKit" */ = {
			isa = XCConfigurationList;
			buildConfigurations = (
				B73FFB8300B7F2FCF3351EBF1E7AC1A2 /* Debug */,
				C32707C4F81126CDB9E65C6BA924813E /* Release */,
			);
			defaultConfigurationIsVisible = 0;
			defaultConfigurationName = Release;
		};
		CE2290E3662EBED15BBC5FD32BBFD753 /* Build configuration list for PBXNativeTarget "ExtensionKit" */ = {
			isa = XCConfigurationList;
			buildConfigurations = (
				45047AEB072AFB90DB0FCCD37F23190D /* Debug */,
				2FD0AA1C7D4D85BB34A2C8C6E8A62234 /* Release */,
			);
			defaultConfigurationIsVisible = 0;
			defaultConfigurationName = Release;
		};
/* End XCConfigurationList section */
	};
	rootObject = 9B18B127CECB2723CE227FC156D3D089 /* Project object */;
}
