// !$*UTF8*$!
{
	archiveVersion = 1;
	classes = {
	};
	objectVersion = 46;
	objects = {

/* Begin PBXBuildFile section */
		0019B20D7E8343239250B5A1D7AA19E5 /* UIDevice+Extension.swift in Sources */ = {isa = PBXBuildFile; fileRef = 8AF0A5DCC0BA7833F40DAFD990972673 /* UIDevice+Extension.swift */; };
		12DD06E4FDB08D865DB9DA541EB11E5F /* ViewController.swift in Sources */ = {isa = PBXBuildFile; fileRef = 7461B04AEDCEE009252A2B6B7FD2EA3E /* ViewController.swift */; };
		1A829F6E55F4502D2A514311B72E4A85 /* NSError+Extension.swift in Sources */ = {isa = PBXBuildFile; fileRef = C0B35802A4B432CFD9ABCC59D69CA922 /* NSError+Extension.swift */; };
		1EABE03854B429225FA48E84C97DEECD /* Main.storyboard in Resources */ = {isa = PBXBuildFile; fileRef = D2726B7AE918F260F01C4E8015BF149F /* Main.storyboard */; };
		234941916D861F0B7D7FBD2944B6D36B /* UIResponder+Extension.swift in Sources */ = {isa = PBXBuildFile; fileRef = 9CE0702A778F5F8E6CF99BE7AE8B490C /* UIResponder+Extension.swift */; };
		2AC91F740BCD9AF83D4C10D3112AC69A /* String+Vendor.swift in Sources */ = {isa = PBXBuildFile; fileRef = 8AF26594DF58D3D6D4BE3B6C48A76452 /* String+Vendor.swift */; };
		3528AFECCB4F65F1638DDDBAA83E16BA /* UIControl+Vendor.swift in Sources */ = {isa = PBXBuildFile; fileRef = 8CF80F9C11E56E7E3BA376E482EF515C /* UIControl+Vendor.swift */; };
		46861054DDB043E703594825B3BE50D2 /* Assets.xcassets in Resources */ = {isa = PBXBuildFile; fileRef = 0CEDC5AD3593C66BA6F4FAFD2668AC4B /* Assets.xcassets */; };
		4FD5DA13B30331D982003444368A0685 /* UIImage+Extension.swift in Sources */ = {isa = PBXBuildFile; fileRef = F1B639ACA0FF8E9635DD2E507F7A1EF5 /* UIImage+Extension.swift */; };
		63EE540C83E3386F03DCC8C59BD2CD06 /* UIColor+Extension.swift in Sources */ = {isa = PBXBuildFile; fileRef = D5440967D9AC9BF7AC079CDC2564F9BE /* UIColor+Extension.swift */; };
		686148C1E2A883E7F8EB5038F44F7C1C /* TouchesButton.swift in Sources */ = {isa = PBXBuildFile; fileRef = 37D151BCF8A2C6DB18C8A20E55818129 /* TouchesButton.swift */; };
		71145A6640708FF3A16F112AC7A6AAA7 /* Redes+Extension.swift in Sources */ = {isa = PBXBuildFile; fileRef = 898AC19C7F67CDD9FA6DA81983077834 /* Redes+Extension.swift */; };
		71EF8318AC1C71270234CD7D15493801 /* LaunchScreen.storyboard in Resources */ = {isa = PBXBuildFile; fileRef = EF169E36587164D03A7D5EF16C6CE8F5 /* LaunchScreen.storyboard */; };
		7D751DCF461A67B20E97B4C78E1C134E /* UIControl+Extension.swift in Sources */ = {isa = PBXBuildFile; fileRef = D9733BD727C90655DA3AA45E5F458839 /* UIControl+Extension.swift */; };
		886AD6770A7062DD706382E0F5284A78 /* UITextField+Extension.swift in Sources */ = {isa = PBXBuildFile; fileRef = 38D8707F935CBD6D997F1BFD8DEF143C /* UITextField+Extension.swift */; };
		8CE9344DA3EA0467FF1FB3B071D94149 /* UIButton+Extension.swift in Sources */ = {isa = PBXBuildFile; fileRef = F8D92034BC58EBD161A4059B82E73BED /* UIButton+Extension.swift */; };
		9571B9DB14E138B141E7C2E5842E51F5 /* CGFloat+Extension.swift in Sources */ = {isa = PBXBuildFile; fileRef = 7AC9308B47CA25441B694F116637DFE7 /* CGFloat+Extension.swift */; };
		98128F867CDA82FA44E72FA8AABE568B /* NSData+Extension.swift in Sources */ = {isa = PBXBuildFile; fileRef = 18524359D16AD07550DEB363E24C1961 /* NSData+Extension.swift */; };
		9916CCE956B0749A41A6CB65D161061B /* UIImage+Vendor.swift in Sources */ = {isa = PBXBuildFile; fileRef = 28689820B1EA13EF9E280B405AC8E4F8 /* UIImage+Vendor.swift */; };
		9B56B10414BEFEDCACCD49E21816D64C /* UITextView+Extension.swift in Sources */ = {isa = PBXBuildFile; fileRef = CB3658AB62DA91584F1A93A78A76C588 /* UITextView+Extension.swift */; };
		A3C4725A41BFB75BDF8709AD0067AED8 /* Dictionary+Extension.swift in Sources */ = {isa = PBXBuildFile; fileRef = 9C3F61FA5E812C5153E82E993D3191F9 /* Dictionary+Extension.swift */; };
		A56AFFC7C4F1EC8BC8F8CB8DEE9C2EE6 /* Double+Extension.swift in Sources */ = {isa = PBXBuildFile; fileRef = C5E1D679F8561AD7E627C2E07E14464C /* Double+Extension.swift */; };
		AA9982801937A7F732185E60065D495B /* Pods.framework in Frameworks */ = {isa = PBXBuildFile; fileRef = 2ADFFA29EEAEE5E90E6F3B4BBE2CF930 /* Pods.framework */; };
		ABF7CC43C6A75E59C5845AC2DC94B3CD /* UITabBar+Extension.swift in Sources */ = {isa = PBXBuildFile; fileRef = 82794E3C4AA67E3FA87C427207EEB69F /* UITabBar+Extension.swift */; };
		B04BBE734B78EEC78BBB7FF2D0137B6E /* PaddingLabel.swift in Sources */ = {isa = PBXBuildFile; fileRef = D870C353DA75745B6A228D7A77FE3254 /* PaddingLabel.swift */; };
		B1C3A81B02E675AF487651848E910245 /* UIView+Extension.swift in Sources */ = {isa = PBXBuildFile; fileRef = 20600BD5D99A2EC17D307C2E66E95BDF /* UIView+Extension.swift */; };
		B2889FD4BC03392ECBAA604B6ED7FE16 /* Lang+Extension.swift in Sources */ = {isa = PBXBuildFile; fileRef = 91D82A840269F58EC706FC3A6FF91966 /* Lang+Extension.swift */; };
		B6A10A94D37B237BF200F1FC81F1E31F /* UIApplication+Extension.swift in Sources */ = {isa = PBXBuildFile; fileRef = A451FDD91B21806DB4607AEB86DD1CBE /* UIApplication+Extension.swift */; };
		C8E7DD13A79C7AFA95B85CB8C295DC7F /* NSBundle+Extension.swift in Sources */ = {isa = PBXBuildFile; fileRef = A07832B496717C2B21600E51BE843892 /* NSBundle+Extension.swift */; };
		CB16D59CD29ACF1078D32F1D8E13D901 /* UIScreen+Extension.swift in Sources */ = {isa = PBXBuildFile; fileRef = 1A1BAF20458D7465AB3BEE83A0E99513 /* UIScreen+Extension.swift */; };
		CB6238C5B64DFBBCE16776ED16E9CDBE /* PaddingTextField.swift in Sources */ = {isa = PBXBuildFile; fileRef = 245C222C105B00B5081F9123CAD5C609 /* PaddingTextField.swift */; };
		D46887F8F23D409206E159FF8158728A /* UINavigationBar+Extension.swift in Sources */ = {isa = PBXBuildFile; fileRef = 55490766C73CCAA550911D970A323009 /* UINavigationBar+Extension.swift */; };
		DF7B576A89329ABE985FD9A1FE89F792 /* String+Extension.swift in Sources */ = {isa = PBXBuildFile; fileRef = 34836EFDB958DDE9E5F89C9D232C8C2B /* String+Extension.swift */; };
		DF85E253B634C59B6E86F52C62729C4C /* UILabel+Extension.swift in Sources */ = {isa = PBXBuildFile; fileRef = F3E6F33377A7834C1242D919037DCD55 /* UILabel+Extension.swift */; };
		E5FA38350D4B4CA7525DD560CE852808 /* UIViewController+Extension.swift in Sources */ = {isa = PBXBuildFile; fileRef = DF2C2D29E967AF975E71E9A4B5E8DC12 /* UIViewController+Extension.swift */; };
		EBB6ED2098375A188E5A911F96A6E378 /* NoPasteTextField.swift in Sources */ = {isa = PBXBuildFile; fileRef = 2C095A71C87B22CEE7E11EC7FF240B93 /* NoPasteTextField.swift */; };
		F41AB53B5FCC0F8C4E500337F4BDE247 /* NSObject+Extension.swift in Sources */ = {isa = PBXBuildFile; fileRef = 1019A361AFF9A813B0B01411ACFB9C17 /* NSObject+Extension.swift */; };
		F447EE81F843E0E38FCB8D4E1F95F7AF /* AppDelegate.swift in Sources */ = {isa = PBXBuildFile; fileRef = 60F012E4C0AAB8B5145BE9B70E242E44 /* AppDelegate.swift */; };
		F6B6B2B6771A7EA2E2258740713B1BB8 /* UIKit+Extension.swift in Sources */ = {isa = PBXBuildFile; fileRef = 2AC24862F45BB7020B0BE8D54E5D9FF9 /* UIKit+Extension.swift */; };
		F7D2355B1AF5792F781E0447F84AC27F /* UIScrollView+Extension.swift in Sources */ = {isa = PBXBuildFile; fileRef = 0F68643899CC966D0A4CB7ACF413EC9C /* UIScrollView+Extension.swift */; };
		FA399323B0CC81CBAF6DD66553B5AB75 /* ReactiveCocoa+Extension.swift in Sources */ = {isa = PBXBuildFile; fileRef = 88D1FCF038FE97A5F1917615E319B921 /* ReactiveCocoa+Extension.swift */; };
/* End PBXBuildFile section */

/* Begin PBXFileReference section */
		0CEDC5AD3593C66BA6F4FAFD2668AC4B /* Assets.xcassets */ = {isa = PBXFileReference; lastKnownFileType = folder.assetcatalog; path = Assets.xcassets; sourceTree = "<group>"; };
		0F68643899CC966D0A4CB7ACF413EC9C /* UIScrollView+Extension.swift */ = {isa = PBXFileReference; fileEncoding = 4; lastKnownFileType = sourcecode.swift; path = "UIScrollView+Extension.swift"; sourceTree = "<group>"; };
		1019A361AFF9A813B0B01411ACFB9C17 /* NSObject+Extension.swift */ = {isa = PBXFileReference; fileEncoding = 4; lastKnownFileType = sourcecode.swift; path = "NSObject+Extension.swift"; sourceTree = "<group>"; };
		18524359D16AD07550DEB363E24C1961 /* NSData+Extension.swift */ = {isa = PBXFileReference; fileEncoding = 4; lastKnownFileType = sourcecode.swift; path = "NSData+Extension.swift"; sourceTree = "<group>"; };
		1A1BAF20458D7465AB3BEE83A0E99513 /* UIScreen+Extension.swift */ = {isa = PBXFileReference; fileEncoding = 4; lastKnownFileType = sourcecode.swift; path = "UIScreen+Extension.swift"; sourceTree = "<group>"; };
		20600BD5D99A2EC17D307C2E66E95BDF /* UIView+Extension.swift */ = {isa = PBXFileReference; fileEncoding = 4; lastKnownFileType = sourcecode.swift; path = "UIView+Extension.swift"; sourceTree = "<group>"; };
		245C222C105B00B5081F9123CAD5C609 /* PaddingTextField.swift */ = {isa = PBXFileReference; fileEncoding = 4; lastKnownFileType = sourcecode.swift; path = PaddingTextField.swift; sourceTree = "<group>"; };
		28689820B1EA13EF9E280B405AC8E4F8 /* UIImage+Vendor.swift */ = {isa = PBXFileReference; fileEncoding = 4; lastKnownFileType = sourcecode.swift; path = "UIImage+Vendor.swift"; sourceTree = "<group>"; };
		2AC24862F45BB7020B0BE8D54E5D9FF9 /* UIKit+Extension.swift */ = {isa = PBXFileReference; fileEncoding = 4; lastKnownFileType = sourcecode.swift; path = "UIKit+Extension.swift"; sourceTree = "<group>"; };
		2ADFFA29EEAEE5E90E6F3B4BBE2CF930 /* Pods.framework */ = {isa = PBXFileReference; explicitFileType = wrapper.framework; includeInIndex = 0; path = Pods.framework; sourceTree = BUILT_PRODUCTS_DIR; };
		2C095A71C87B22CEE7E11EC7FF240B93 /* NoPasteTextField.swift */ = {isa = PBXFileReference; fileEncoding = 4; lastKnownFileType = sourcecode.swift; path = NoPasteTextField.swift; sourceTree = "<group>"; };
		34836EFDB958DDE9E5F89C9D232C8C2B /* String+Extension.swift */ = {isa = PBXFileReference; fileEncoding = 4; lastKnownFileType = sourcecode.swift; path = "String+Extension.swift"; sourceTree = "<group>"; };
		37D151BCF8A2C6DB18C8A20E55818129 /* TouchesButton.swift */ = {isa = PBXFileReference; fileEncoding = 4; lastKnownFileType = sourcecode.swift; path = TouchesButton.swift; sourceTree = "<group>"; };
		38D8707F935CBD6D997F1BFD8DEF143C /* UITextField+Extension.swift */ = {isa = PBXFileReference; fileEncoding = 4; lastKnownFileType = sourcecode.swift; path = "UITextField+Extension.swift"; sourceTree = "<group>"; };
		391F35D6113015C4D03C13CE6B5735F5 /* Pods.debug.xcconfig */ = {isa = PBXFileReference; includeInIndex = 1; lastKnownFileType = text.xcconfig; name = Pods.debug.xcconfig; path = "Pods/Target Support Files/Pods/Pods.debug.xcconfig"; sourceTree = "<group>"; };
		55490766C73CCAA550911D970A323009 /* UINavigationBar+Extension.swift */ = {isa = PBXFileReference; fileEncoding = 4; lastKnownFileType = sourcecode.swift; path = "UINavigationBar+Extension.swift"; sourceTree = "<group>"; };
		60F012E4C0AAB8B5145BE9B70E242E44 /* AppDelegate.swift */ = {isa = PBXFileReference; lastKnownFileType = sourcecode.swift; path = AppDelegate.swift; sourceTree = "<group>"; };
		7461B04AEDCEE009252A2B6B7FD2EA3E /* ViewController.swift */ = {isa = PBXFileReference; lastKnownFileType = sourcecode.swift; path = ViewController.swift; sourceTree = "<group>"; };
		78EC8507A64855050AA968FCB7EB83BC /* Base */ = {isa = PBXFileReference; lastKnownFileType = file.storyboard; name = Base; path = Base.lproj/Main.storyboard; sourceTree = "<group>"; };
		7AC9308B47CA25441B694F116637DFE7 /* CGFloat+Extension.swift */ = {isa = PBXFileReference; fileEncoding = 4; lastKnownFileType = sourcecode.swift; path = "CGFloat+Extension.swift"; sourceTree = "<group>"; };
		82794E3C4AA67E3FA87C427207EEB69F /* UITabBar+Extension.swift */ = {isa = PBXFileReference; fileEncoding = 4; lastKnownFileType = sourcecode.swift; path = "UITabBar+Extension.swift"; sourceTree = "<group>"; };
		88D1FCF038FE97A5F1917615E319B921 /* ReactiveCocoa+Extension.swift */ = {isa = PBXFileReference; fileEncoding = 4; lastKnownFileType = sourcecode.swift; path = "ReactiveCocoa+Extension.swift"; sourceTree = "<group>"; };
		898AC19C7F67CDD9FA6DA81983077834 /* Redes+Extension.swift */ = {isa = PBXFileReference; fileEncoding = 4; lastKnownFileType = sourcecode.swift; path = "Redes+Extension.swift"; sourceTree = "<group>"; };
		8AF0A5DCC0BA7833F40DAFD990972673 /* UIDevice+Extension.swift */ = {isa = PBXFileReference; fileEncoding = 4; lastKnownFileType = sourcecode.swift; path = "UIDevice+Extension.swift"; sourceTree = "<group>"; };
		8AF26594DF58D3D6D4BE3B6C48A76452 /* String+Vendor.swift */ = {isa = PBXFileReference; fileEncoding = 4; lastKnownFileType = sourcecode.swift; path = "String+Vendor.swift"; sourceTree = "<group>"; };
		8CF80F9C11E56E7E3BA376E482EF515C /* UIControl+Vendor.swift */ = {isa = PBXFileReference; fileEncoding = 4; lastKnownFileType = sourcecode.swift; path = "UIControl+Vendor.swift"; sourceTree = "<group>"; };
		91D82A840269F58EC706FC3A6FF91966 /* Lang+Extension.swift */ = {isa = PBXFileReference; fileEncoding = 4; lastKnownFileType = sourcecode.swift; path = "Lang+Extension.swift"; sourceTree = "<group>"; };
		9C3F61FA5E812C5153E82E993D3191F9 /* Dictionary+Extension.swift */ = {isa = PBXFileReference; fileEncoding = 4; lastKnownFileType = sourcecode.swift; path = "Dictionary+Extension.swift"; sourceTree = "<group>"; };
		9CE0702A778F5F8E6CF99BE7AE8B490C /* UIResponder+Extension.swift */ = {isa = PBXFileReference; fileEncoding = 4; lastKnownFileType = sourcecode.swift; path = "UIResponder+Extension.swift"; sourceTree = "<group>"; };
		A07832B496717C2B21600E51BE843892 /* NSBundle+Extension.swift */ = {isa = PBXFileReference; fileEncoding = 4; lastKnownFileType = sourcecode.swift; path = "NSBundle+Extension.swift"; sourceTree = "<group>"; };
		A451FDD91B21806DB4607AEB86DD1CBE /* UIApplication+Extension.swift */ = {isa = PBXFileReference; fileEncoding = 4; lastKnownFileType = sourcecode.swift; path = "UIApplication+Extension.swift"; sourceTree = "<group>"; };
		B8A96B541EA2C43D54F413DADAD375DD /* Base */ = {isa = PBXFileReference; lastKnownFileType = file.storyboard; name = Base; path = Base.lproj/LaunchScreen.storyboard; sourceTree = "<group>"; };
		BE360F163648E458F0EEB15C745D8097 /* ExtensionKit.app */ = {isa = PBXFileReference; explicitFileType = wrapper.application; includeInIndex = 0; path = ExtensionKit.app; sourceTree = BUILT_PRODUCTS_DIR; };
		C0B35802A4B432CFD9ABCC59D69CA922 /* NSError+Extension.swift */ = {isa = PBXFileReference; fileEncoding = 4; lastKnownFileType = sourcecode.swift; path = "NSError+Extension.swift"; sourceTree = "<group>"; };
		C5E1D679F8561AD7E627C2E07E14464C /* Double+Extension.swift */ = {isa = PBXFileReference; fileEncoding = 4; lastKnownFileType = sourcecode.swift; path = "Double+Extension.swift"; sourceTree = "<group>"; };
		CB3658AB62DA91584F1A93A78A76C588 /* UITextView+Extension.swift */ = {isa = PBXFileReference; fileEncoding = 4; lastKnownFileType = sourcecode.swift; path = "UITextView+Extension.swift"; sourceTree = "<group>"; };
		D5440967D9AC9BF7AC079CDC2564F9BE /* UIColor+Extension.swift */ = {isa = PBXFileReference; fileEncoding = 4; lastKnownFileType = sourcecode.swift; path = "UIColor+Extension.swift"; sourceTree = "<group>"; };
		D870C353DA75745B6A228D7A77FE3254 /* PaddingLabel.swift */ = {isa = PBXFileReference; fileEncoding = 4; lastKnownFileType = sourcecode.swift; path = PaddingLabel.swift; sourceTree = "<group>"; };
		D9733BD727C90655DA3AA45E5F458839 /* UIControl+Extension.swift */ = {isa = PBXFileReference; fileEncoding = 4; lastKnownFileType = sourcecode.swift; path = "UIControl+Extension.swift"; sourceTree = "<group>"; };
		DF2C2D29E967AF975E71E9A4B5E8DC12 /* UIViewController+Extension.swift */ = {isa = PBXFileReference; fileEncoding = 4; lastKnownFileType = sourcecode.swift; path = "UIViewController+Extension.swift"; sourceTree = "<group>"; };
		E4516AD1237D68FFE6B925C04EC6E0EF /* Pods.release.xcconfig */ = {isa = PBXFileReference; includeInIndex = 1; lastKnownFileType = text.xcconfig; name = Pods.release.xcconfig; path = "Pods/Target Support Files/Pods/Pods.release.xcconfig"; sourceTree = "<group>"; };
		F14CC9674951FB7703A4F5C72DA7F2BF /* Info.plist */ = {isa = PBXFileReference; lastKnownFileType = text.plist.xml; path = Info.plist; sourceTree = "<group>"; };
		F1B639ACA0FF8E9635DD2E507F7A1EF5 /* UIImage+Extension.swift */ = {isa = PBXFileReference; fileEncoding = 4; lastKnownFileType = sourcecode.swift; path = "UIImage+Extension.swift"; sourceTree = "<group>"; };
		F3E6F33377A7834C1242D919037DCD55 /* UILabel+Extension.swift */ = {isa = PBXFileReference; fileEncoding = 4; lastKnownFileType = sourcecode.swift; path = "UILabel+Extension.swift"; sourceTree = "<group>"; };
		F8D92034BC58EBD161A4059B82E73BED /* UIButton+Extension.swift */ = {isa = PBXFileReference; fileEncoding = 4; lastKnownFileType = sourcecode.swift; path = "UIButton+Extension.swift"; sourceTree = "<group>"; };
/* End PBXFileReference section */

/* Begin PBXFrameworksBuildPhase section */
		092D7A372DF065D16F74674133D41A6E /* Frameworks */ = {
			isa = PBXFrameworksBuildPhase;
			buildActionMask = 2147483647;
			files = (
				AA9982801937A7F732185E60065D495B /* Pods.framework in Frameworks */,
			);
			runOnlyForDeploymentPostprocessing = 0;
		};
/* End PBXFrameworksBuildPhase section */

/* Begin PBXGroup section */
		7019177E4EE70855A316F2D4CB55F08E /* Sample */ = {
			isa = PBXGroup;
			children = (
				60F012E4C0AAB8B5145BE9B70E242E44 /* AppDelegate.swift */,
				0CEDC5AD3593C66BA6F4FAFD2668AC4B /* Assets.xcassets */,
				F14CC9674951FB7703A4F5C72DA7F2BF /* Info.plist */,
				EF169E36587164D03A7D5EF16C6CE8F5 /* LaunchScreen.storyboard */,
				D2726B7AE918F260F01C4E8015BF149F /* Main.storyboard */,
				7461B04AEDCEE009252A2B6B7FD2EA3E /* ViewController.swift */,
			);
			path = Sample;
			sourceTree = "<group>";
		};
		7EFFD029C64903D4700D6EE557A5516F /* Source */ = {
			isa = PBXGroup;
			children = (
				7AC9308B47CA25441B694F116637DFE7 /* CGFloat+Extension.swift */,
				9C3F61FA5E812C5153E82E993D3191F9 /* Dictionary+Extension.swift */,
				C5E1D679F8561AD7E627C2E07E14464C /* Double+Extension.swift */,
				91D82A840269F58EC706FC3A6FF91966 /* Lang+Extension.swift */,
				A07832B496717C2B21600E51BE843892 /* NSBundle+Extension.swift */,
				18524359D16AD07550DEB363E24C1961 /* NSData+Extension.swift */,
				C0B35802A4B432CFD9ABCC59D69CA922 /* NSError+Extension.swift */,
				1019A361AFF9A813B0B01411ACFB9C17 /* NSObject+Extension.swift */,
				2C095A71C87B22CEE7E11EC7FF240B93 /* NoPasteTextField.swift */,
				D870C353DA75745B6A228D7A77FE3254 /* PaddingLabel.swift */,
				245C222C105B00B5081F9123CAD5C609 /* PaddingTextField.swift */,
				88D1FCF038FE97A5F1917615E319B921 /* ReactiveCocoa+Extension.swift */,
				898AC19C7F67CDD9FA6DA81983077834 /* Redes+Extension.swift */,
				34836EFDB958DDE9E5F89C9D232C8C2B /* String+Extension.swift */,
				8AF26594DF58D3D6D4BE3B6C48A76452 /* String+Vendor.swift */,
				37D151BCF8A2C6DB18C8A20E55818129 /* TouchesButton.swift */,
				A451FDD91B21806DB4607AEB86DD1CBE /* UIApplication+Extension.swift */,
				F8D92034BC58EBD161A4059B82E73BED /* UIButton+Extension.swift */,
				D5440967D9AC9BF7AC079CDC2564F9BE /* UIColor+Extension.swift */,
				D9733BD727C90655DA3AA45E5F458839 /* UIControl+Extension.swift */,
				8CF80F9C11E56E7E3BA376E482EF515C /* UIControl+Vendor.swift */,
				8AF0A5DCC0BA7833F40DAFD990972673 /* UIDevice+Extension.swift */,
				F1B639ACA0FF8E9635DD2E507F7A1EF5 /* UIImage+Extension.swift */,
				28689820B1EA13EF9E280B405AC8E4F8 /* UIImage+Vendor.swift */,
				2AC24862F45BB7020B0BE8D54E5D9FF9 /* UIKit+Extension.swift */,
				F3E6F33377A7834C1242D919037DCD55 /* UILabel+Extension.swift */,
				55490766C73CCAA550911D970A323009 /* UINavigationBar+Extension.swift */,
				9CE0702A778F5F8E6CF99BE7AE8B490C /* UIResponder+Extension.swift */,
				1A1BAF20458D7465AB3BEE83A0E99513 /* UIScreen+Extension.swift */,
				0F68643899CC966D0A4CB7ACF413EC9C /* UIScrollView+Extension.swift */,
				82794E3C4AA67E3FA87C427207EEB69F /* UITabBar+Extension.swift */,
				38D8707F935CBD6D997F1BFD8DEF143C /* UITextField+Extension.swift */,
				CB3658AB62DA91584F1A93A78A76C588 /* UITextView+Extension.swift */,
				20600BD5D99A2EC17D307C2E66E95BDF /* UIView+Extension.swift */,
				DF2C2D29E967AF975E71E9A4B5E8DC12 /* UIViewController+Extension.swift */,
			);
			path = Source;
			sourceTree = "<group>";
		};
		84B7E7E26A2E454EFE6BE6D7ABBCA30A /* Pods */ = {
			isa = PBXGroup;
			children = (
				391F35D6113015C4D03C13CE6B5735F5 /* Pods.debug.xcconfig */,
				E4516AD1237D68FFE6B925C04EC6E0EF /* Pods.release.xcconfig */,
			);
			name = Pods;
			sourceTree = "<group>";
		};
		C3768FB18541CB6B32A47764860BB247 /* Products */ = {
			isa = PBXGroup;
			children = (
				BE360F163648E458F0EEB15C745D8097 /* ExtensionKit.app */,
			);
			name = Products;
			sourceTree = "<group>";
		};
		EAB01617E68C13F771C7F4D7FC737BDA /* Frameworks */ = {
			isa = PBXGroup;
			children = (
				2ADFFA29EEAEE5E90E6F3B4BBE2CF930 /* Pods.framework */,
			);
			name = Frameworks;
			sourceTree = "<group>";
		};
		EBD6F61A107BC42C273822E10747D6E8 = {
			isa = PBXGroup;
			children = (
				F760E6FF984A1E2E9AE43F8C7446C1E8 /* ExtensionKit */,
				EAB01617E68C13F771C7F4D7FC737BDA /* Frameworks */,
				84B7E7E26A2E454EFE6BE6D7ABBCA30A /* Pods */,
				C3768FB18541CB6B32A47764860BB247 /* Products */,
			);
			sourceTree = "<group>";
		};
		F760E6FF984A1E2E9AE43F8C7446C1E8 /* ExtensionKit */ = {
			isa = PBXGroup;
			children = (
				7019177E4EE70855A316F2D4CB55F08E /* Sample */,
				7EFFD029C64903D4700D6EE557A5516F /* Source */,
			);
			path = ExtensionKit;
			sourceTree = "<group>";
		};
/* End PBXGroup section */

/* Begin PBXNativeTarget section */
		C4FCF20ABE6D0E78E993E3A5D2E53882 /* ExtensionKit */ = {
			isa = PBXNativeTarget;
			buildConfigurationList = CE2290E3662EBED15BBC5FD32BBFD753 /* Build configuration list for PBXNativeTarget "ExtensionKit" */;
			buildPhases = (
				32C5425CB2034369A5ED92E85B063B32 /* Check Pods Manifest.lock */,
				268AD9F550ACC8E4ABA4480E2B8C3BA8 /* Sources */,
				092D7A372DF065D16F74674133D41A6E /* Frameworks */,
				D88F7ABB18A15F350CB40FFB0455914A /* Resources */,
				49BAE7DAEF9CA75ABBBB10E0D5CE017E /* Embed Pods Frameworks */,
				B4E3320380E7A33554129498BC9FF3BD /* Copy Pods Resources */,
			);
			buildRules = (
			);
			dependencies = (
			);
			name = ExtensionKit;
			productName = ExtensionKit;
			productReference = BE360F163648E458F0EEB15C745D8097 /* ExtensionKit.app */;
			productType = "com.apple.product-type.application";
		};
/* End PBXNativeTarget section */

/* Begin PBXProject section */
		9B18B127CECB2723CE227FC156D3D089 /* Project object */ = {
			isa = PBXProject;
			attributes = {
				LastSwiftUpdateCheck = 0720;
				LastUpgradeCheck = 0720;
				ORGANIZATIONNAME = Moch;
				TargetAttributes = {
					C4FCF20ABE6D0E78E993E3A5D2E53882 = {
						CreatedOnToolsVersion = 7.2;
					};
				};
			};
			buildConfigurationList = A26231FAF4ABE910EB10F9ECEDADDEE7 /* Build configuration list for PBXProject "ExtensionKit" */;
			compatibilityVersion = "Xcode 3.2";
			developmentRegion = English;
			hasScannedForEncodings = 0;
			knownRegions = (
				en,
				Base,
			);
			mainGroup = EBD6F61A107BC42C273822E10747D6E8;
			productRefGroup = C3768FB18541CB6B32A47764860BB247 /* Products */;
			projectDirPath = "";
			projectRoot = "";
			targets = (
				C4FCF20ABE6D0E78E993E3A5D2E53882 /* ExtensionKit */,
			);
		};
/* End PBXProject section */

/* Begin PBXResourcesBuildPhase section */
		D88F7ABB18A15F350CB40FFB0455914A /* Resources */ = {
			isa = PBXResourcesBuildPhase;
			buildActionMask = 2147483647;
			files = (
				46861054DDB043E703594825B3BE50D2 /* Assets.xcassets in Resources */,
				71EF8318AC1C71270234CD7D15493801 /* LaunchScreen.storyboard in Resources */,
				1EABE03854B429225FA48E84C97DEECD /* Main.storyboard in Resources */,
			);
			runOnlyForDeploymentPostprocessing = 0;
		};
/* End PBXResourcesBuildPhase section */

/* Begin PBXShellScriptBuildPhase section */
		32C5425CB2034369A5ED92E85B063B32 /* Check Pods Manifest.lock */ = {
			isa = PBXShellScriptBuildPhase;
			buildActionMask = 2147483647;
			files = (
			);
			inputPaths = (
			);
			name = "Check Pods Manifest.lock";
			outputPaths = (
			);
			runOnlyForDeploymentPostprocessing = 0;
			shellPath = /bin/sh;
			shellScript = "diff \"${PODS_ROOT}/../Podfile.lock\" \"${PODS_ROOT}/Manifest.lock\" > /dev/null\nif [[ $? != 0 ]] ; then\n    cat << EOM\nerror: The sandbox is not in sync with the Podfile.lock. Run 'pod install' or update your CocoaPods installation.\nEOM\n    exit 1\nfi\n";
			showEnvVarsInLog = 0;
		};
		49BAE7DAEF9CA75ABBBB10E0D5CE017E /* Embed Pods Frameworks */ = {
			isa = PBXShellScriptBuildPhase;
			buildActionMask = 2147483647;
			files = (
			);
			inputPaths = (
			);
			name = "Embed Pods Frameworks";
			outputPaths = (
			);
			runOnlyForDeploymentPostprocessing = 0;
			shellPath = /bin/sh;
			shellScript = "\"${SRCROOT}/Pods/Target Support Files/Pods/Pods-frameworks.sh\"\n";
			showEnvVarsInLog = 0;
		};
		B4E3320380E7A33554129498BC9FF3BD /* Copy Pods Resources */ = {
			isa = PBXShellScriptBuildPhase;
			buildActionMask = 2147483647;
			files = (
			);
			inputPaths = (
			);
			name = "Copy Pods Resources";
			outputPaths = (
			);
			runOnlyForDeploymentPostprocessing = 0;
			shellPath = /bin/sh;
			shellScript = "\"${SRCROOT}/Pods/Target Support Files/Pods/Pods-resources.sh\"\n";
			showEnvVarsInLog = 0;
		};
/* End PBXShellScriptBuildPhase section */

/* Begin PBXSourcesBuildPhase section */
		268AD9F550ACC8E4ABA4480E2B8C3BA8 /* Sources */ = {
			isa = PBXSourcesBuildPhase;
			buildActionMask = 2147483647;
			files = (
				F447EE81F843E0E38FCB8D4E1F95F7AF /* AppDelegate.swift in Sources */,
				9571B9DB14E138B141E7C2E5842E51F5 /* CGFloat+Extension.swift in Sources */,
				A3C4725A41BFB75BDF8709AD0067AED8 /* Dictionary+Extension.swift in Sources */,
				A56AFFC7C4F1EC8BC8F8CB8DEE9C2EE6 /* Double+Extension.swift in Sources */,
				B2889FD4BC03392ECBAA604B6ED7FE16 /* Lang+Extension.swift in Sources */,
				C8E7DD13A79C7AFA95B85CB8C295DC7F /* NSBundle+Extension.swift in Sources */,
				98128F867CDA82FA44E72FA8AABE568B /* NSData+Extension.swift in Sources */,
				1A829F6E55F4502D2A514311B72E4A85 /* NSError+Extension.swift in Sources */,
				F41AB53B5FCC0F8C4E500337F4BDE247 /* NSObject+Extension.swift in Sources */,
				EBB6ED2098375A188E5A911F96A6E378 /* NoPasteTextField.swift in Sources */,
				B04BBE734B78EEC78BBB7FF2D0137B6E /* PaddingLabel.swift in Sources */,
				CB6238C5B64DFBBCE16776ED16E9CDBE /* PaddingTextField.swift in Sources */,
				FA399323B0CC81CBAF6DD66553B5AB75 /* ReactiveCocoa+Extension.swift in Sources */,
				71145A6640708FF3A16F112AC7A6AAA7 /* Redes+Extension.swift in Sources */,
				DF7B576A89329ABE985FD9A1FE89F792 /* String+Extension.swift in Sources */,
				2AC91F740BCD9AF83D4C10D3112AC69A /* String+Vendor.swift in Sources */,
				686148C1E2A883E7F8EB5038F44F7C1C /* TouchesButton.swift in Sources */,
				B6A10A94D37B237BF200F1FC81F1E31F /* UIApplication+Extension.swift in Sources */,
				8CE9344DA3EA0467FF1FB3B071D94149 /* UIButton+Extension.swift in Sources */,
				63EE540C83E3386F03DCC8C59BD2CD06 /* UIColor+Extension.swift in Sources */,
				7D751DCF461A67B20E97B4C78E1C134E /* UIControl+Extension.swift in Sources */,
				3528AFECCB4F65F1638DDDBAA83E16BA /* UIControl+Vendor.swift in Sources */,
				0019B20D7E8343239250B5A1D7AA19E5 /* UIDevice+Extension.swift in Sources */,
				4FD5DA13B30331D982003444368A0685 /* UIImage+Extension.swift in Sources */,
				9916CCE956B0749A41A6CB65D161061B /* UIImage+Vendor.swift in Sources */,
				F6B6B2B6771A7EA2E2258740713B1BB8 /* UIKit+Extension.swift in Sources */,
				DF85E253B634C59B6E86F52C62729C4C /* UILabel+Extension.swift in Sources */,
				D46887F8F23D409206E159FF8158728A /* UINavigationBar+Extension.swift in Sources */,
				234941916D861F0B7D7FBD2944B6D36B /* UIResponder+Extension.swift in Sources */,
				CB16D59CD29ACF1078D32F1D8E13D901 /* UIScreen+Extension.swift in Sources */,
				F7D2355B1AF5792F781E0447F84AC27F /* UIScrollView+Extension.swift in Sources */,
				ABF7CC43C6A75E59C5845AC2DC94B3CD /* UITabBar+Extension.swift in Sources */,
				886AD6770A7062DD706382E0F5284A78 /* UITextField+Extension.swift in Sources */,
				9B56B10414BEFEDCACCD49E21816D64C /* UITextView+Extension.swift in Sources */,
				B1C3A81B02E675AF487651848E910245 /* UIView+Extension.swift in Sources */,
				E5FA38350D4B4CA7525DD560CE852808 /* UIViewController+Extension.swift in Sources */,
				12DD06E4FDB08D865DB9DA541EB11E5F /* ViewController.swift in Sources */,
			);
			runOnlyForDeploymentPostprocessing = 0;
		};
/* End PBXSourcesBuildPhase section */

/* Begin PBXVariantGroup section */
		D2726B7AE918F260F01C4E8015BF149F /* Main.storyboard */ = {
			isa = PBXVariantGroup;
			children = (
				78EC8507A64855050AA968FCB7EB83BC /* Base */,
			);
			name = Main.storyboard;
			path = .;
			sourceTree = "<group>";
		};
		EF169E36587164D03A7D5EF16C6CE8F5 /* LaunchScreen.storyboard */ = {
			isa = PBXVariantGroup;
			children = (
				B8A96B541EA2C43D54F413DADAD375DD /* Base */,
			);
			name = LaunchScreen.storyboard;
			path = .;
			sourceTree = "<group>";
		};
/* End PBXVariantGroup section */

/* Begin XCBuildConfiguration section */
		2FD0AA1C7D4D85BB34A2C8C6E8A62234 /* Release */ = {
			isa = XCBuildConfiguration;
			baseConfigurationReference = E4516AD1237D68FFE6B925C04EC6E0EF /* Pods.release.xcconfig */;
			buildSettings = {
				ASSETCATALOG_COMPILER_APPICON_NAME = AppIcon;
				INFOPLIST_FILE = ExtensionKit/Sample/Info.plist;
				LD_RUNPATH_SEARCH_PATHS = "$(inherited) @executable_path/Frameworks";
				PRODUCT_BUNDLE_IDENTIFIER = com.foobar.ExtensionKit;
				PRODUCT_NAME = "$(TARGET_NAME)";
			};
			name = Release;
		};
		45047AEB072AFB90DB0FCCD37F23190D /* Debug */ = {
			isa = XCBuildConfiguration;
			baseConfigurationReference = 391F35D6113015C4D03C13CE6B5735F5 /* Pods.debug.xcconfig */;
			buildSettings = {
				ASSETCATALOG_COMPILER_APPICON_NAME = AppIcon;
				INFOPLIST_FILE = ExtensionKit/Sample/Info.plist;
				LD_RUNPATH_SEARCH_PATHS = "$(inherited) @executable_path/Frameworks";
				PRODUCT_BUNDLE_IDENTIFIER = com.foobar.ExtensionKit;
				PRODUCT_NAME = "$(TARGET_NAME)";
			};
			name = Debug;
		};
		B73FFB8300B7F2FCF3351EBF1E7AC1A2 /* Debug */ = {
			isa = XCBuildConfiguration;
			buildSettings = {
				ALWAYS_SEARCH_USER_PATHS = NO;
				CLANG_CXX_LANGUAGE_STANDARD = "gnu++0x";
				CLANG_CXX_LIBRARY = "libc++";
				CLANG_ENABLE_MODULES = YES;
				CLANG_ENABLE_OBJC_ARC = YES;
				CLANG_WARN_BOOL_CONVERSION = YES;
				CLANG_WARN_CONSTANT_CONVERSION = YES;
				CLANG_WARN_DIRECT_OBJC_ISA_USAGE = YES_ERROR;
				CLANG_WARN_EMPTY_BODY = YES;
				CLANG_WARN_ENUM_CONVERSION = YES;
				CLANG_WARN_INT_CONVERSION = YES;
				CLANG_WARN_OBJC_ROOT_CLASS = YES_ERROR;
				CLANG_WARN_UNREACHABLE_CODE = YES;
				CLANG_WARN__DUPLICATE_METHOD_MATCH = YES;
				"CODE_SIGN_IDENTITY[sdk=iphoneos*]" = "iPhone Developer";
				COPY_PHASE_STRIP = NO;
				DEBUG_INFORMATION_FORMAT = dwarf;
				ENABLE_STRICT_OBJC_MSGSEND = YES;
				ENABLE_TESTABILITY = YES;
				GCC_C_LANGUAGE_STANDARD = gnu99;
				GCC_DYNAMIC_NO_PIC = NO;
				GCC_NO_COMMON_BLOCKS = YES;
				GCC_OPTIMIZATION_LEVEL = 0;
				GCC_PREPROCESSOR_DEFINITIONS = (
					"DEBUG=1",
					"$(inherited)",
				);
				GCC_WARN_64_TO_32_BIT_CONVERSION = YES;
				GCC_WARN_ABOUT_RETURN_TYPE = YES_ERROR;
				GCC_WARN_UNDECLARED_SELECTOR = YES;
				GCC_WARN_UNINITIALIZED_AUTOS = YES_AGGRESSIVE;
				GCC_WARN_UNUSED_FUNCTION = YES;
				GCC_WARN_UNUSED_VARIABLE = YES;
				IPHONEOS_DEPLOYMENT_TARGET = 9.2;
				MTL_ENABLE_DEBUG_INFO = YES;
				ONLY_ACTIVE_ARCH = YES;
				SDKROOT = iphoneos;
				SWIFT_OPTIMIZATION_LEVEL = "-Onone";
				TARGETED_DEVICE_FAMILY = "1,2";
			};
			name = Debug;
		};
		C32707C4F81126CDB9E65C6BA924813E /* Release */ = {
			isa = XCBuildConfiguration;
			buildSettings = {
				ALWAYS_SEARCH_USER_PATHS = NO;
				CLANG_CXX_LANGUAGE_STANDARD = "gnu++0x";
				CLANG_CXX_LIBRARY = "libc++";
				CLANG_ENABLE_MODULES = YES;
				CLANG_ENABLE_OBJC_ARC = YES;
				CLANG_WARN_BOOL_CONVERSION = YES;
				CLANG_WARN_CONSTANT_CONVERSION = YES;
				CLANG_WARN_DIRECT_OBJC_ISA_USAGE = YES_ERROR;
				CLANG_WARN_EMPTY_BODY = YES;
				CLANG_WARN_ENUM_CONVERSION = YES;
				CLANG_WARN_INT_CONVERSION = YES;
				CLANG_WARN_OBJC_ROOT_CLASS = YES_ERROR;
				CLANG_WARN_UNREACHABLE_CODE = YES;
				CLANG_WARN__DUPLICATE_METHOD_MATCH = YES;
				"CODE_SIGN_IDENTITY[sdk=iphoneos*]" = "iPhone Developer";
				COPY_PHASE_STRIP = NO;
				DEBUG_INFORMATION_FORMAT = "dwarf-with-dsym";
				ENABLE_NS_ASSERTIONS = NO;
				ENABLE_STRICT_OBJC_MSGSEND = YES;
				GCC_C_LANGUAGE_STANDARD = gnu99;
				GCC_NO_COMMON_BLOCKS = YES;
				GCC_WARN_64_TO_32_BIT_CONVERSION = YES;
				GCC_WARN_ABOUT_RETURN_TYPE = YES_ERROR;
				GCC_WARN_UNDECLARED_SELECTOR = YES;
				GCC_WARN_UNINITIALIZED_AUTOS = YES_AGGRESSIVE;
				GCC_WARN_UNUSED_FUNCTION = YES;
				GCC_WARN_UNUSED_VARIABLE = YES;
				IPHONEOS_DEPLOYMENT_TARGET = 9.2;
				MTL_ENABLE_DEBUG_INFO = NO;
				SDKROOT = iphoneos;
				TARGETED_DEVICE_FAMILY = "1,2";
				VALIDATE_PRODUCT = YES;
			};
			name = Release;
		};
/* End XCBuildConfiguration section */

/* Begin XCConfigurationList section */
		A26231FAF4ABE910EB10F9ECEDADDEE7 /* Build configuration list for PBXProject "ExtensionKit" */ = {
			isa = XCConfigurationList;
			buildConfigurations = (
				B73FFB8300B7F2FCF3351EBF1E7AC1A2 /* Debug */,
				C32707C4F81126CDB9E65C6BA924813E /* Release */,
			);
			defaultConfigurationIsVisible = 0;
			defaultConfigurationName = Release;
		};
		CE2290E3662EBED15BBC5FD32BBFD753 /* Build configuration list for PBXNativeTarget "ExtensionKit" */ = {
			isa = XCConfigurationList;
			buildConfigurations = (
				45047AEB072AFB90DB0FCCD37F23190D /* Debug */,
				2FD0AA1C7D4D85BB34A2C8C6E8A62234 /* Release */,
			);
			defaultConfigurationIsVisible = 0;
			defaultConfigurationName = Release;
		};
/* End XCConfigurationList section */
	};
	rootObject = 9B18B127CECB2723CE227FC156D3D089 /* Project object */;
}
